// !$*UTF8*$!
{
	archiveVersion = 1;
	classes = {
	};
	objectVersion = 46;
	objects = {

/* Begin PBXBuildFile section */
		17D9D0BD1D50C3F50082BA8A /* SChatRecordDecibelView.m in Sources */ = {isa = PBXBuildFile; fileRef = 17D9D0BC1D50C3F50082BA8A /* SChatRecordDecibelView.m */; };
		D41164491D49F95B000EEA8A /* SChatToolBar.m in Sources */ = {isa = PBXBuildFile; fileRef = D41164481D49F95B000EEA8A /* SChatToolBar.m */; };
		D41164581D4A0C96000EEA8A /* STextField.m in Sources */ = {isa = PBXBuildFile; fileRef = D41164571D4A0C96000EEA8A /* STextField.m */; };
		D41AA4491D4AFA510027B545 /* SChatToolBarInputView.m in Sources */ = {isa = PBXBuildFile; fileRef = D41AA4481D4AFA510027B545 /* SChatToolBarInputView.m */; };
		D41AA44F1D4AFFB90027B545 /* UIResponder+Router.m in Sources */ = {isa = PBXBuildFile; fileRef = D41AA44E1D4AFFB90027B545 /* UIResponder+Router.m */; };
		D4697F671D48809400138CB9 /* main.m in Sources */ = {isa = PBXBuildFile; fileRef = D4697F661D48809400138CB9 /* main.m */; };
		D4697F6A1D48809400138CB9 /* AppDelegate.m in Sources */ = {isa = PBXBuildFile; fileRef = D4697F691D48809400138CB9 /* AppDelegate.m */; };
		D4697F6D1D48809400138CB9 /* ViewController.m in Sources */ = {isa = PBXBuildFile; fileRef = D4697F6C1D48809400138CB9 /* ViewController.m */; };
		D4697F701D48809400138CB9 /* Main.storyboard in Resources */ = {isa = PBXBuildFile; fileRef = D4697F6E1D48809400138CB9 /* Main.storyboard */; };
		D4697F721D48809400138CB9 /* Assets.xcassets in Resources */ = {isa = PBXBuildFile; fileRef = D4697F711D48809400138CB9 /* Assets.xcassets */; };
		D4697F751D48809400138CB9 /* LaunchScreen.storyboard in Resources */ = {isa = PBXBuildFile; fileRef = D4697F731D48809400138CB9 /* LaunchScreen.storyboard */; };
		D4697F811D4880FF00138CB9 /* SChatVC.m in Sources */ = {isa = PBXBuildFile; fileRef = D4697F801D4880FF00138CB9 /* SChatVC.m */; };
		D4697F851D4884DC00138CB9 /* ChatBaseCell.m in Sources */ = {isa = PBXBuildFile; fileRef = D4697F841D4884DC00138CB9 /* ChatBaseCell.m */; };
		D4697F8B1D488E4700138CB9 /* ChatBaseModel.m in Sources */ = {isa = PBXBuildFile; fileRef = D4697F8A1D488E4700138CB9 /* ChatBaseModel.m */; };
		D4697F951D489BA000138CB9 /* ChatTextCell.m in Sources */ = {isa = PBXBuildFile; fileRef = D4697F941D489BA000138CB9 /* ChatTextCell.m */; };
		D4697F981D489CBA00138CB9 /* ChatTextModel.m in Sources */ = {isa = PBXBuildFile; fileRef = D4697F971D489CBA00138CB9 /* ChatTextModel.m */; };
		D4697F9D1D48AC4E00138CB9 /* ChatImageCell.m in Sources */ = {isa = PBXBuildFile; fileRef = D4697F9C1D48AC4E00138CB9 /* ChatImageCell.m */; };
		D4697FA01D48AC6200138CB9 /* ChatImageModel.m in Sources */ = {isa = PBXBuildFile; fileRef = D4697F9F1D48AC6200138CB9 /* ChatImageModel.m */; };
		D478CAD51D4F1A1700FE5112 /* SChatRecordHandle.m in Sources */ = {isa = PBXBuildFile; fileRef = D478CAD41D4F1A1700FE5112 /* SChatRecordHandle.m */; };
		D478CAD71D4F225F00FE5112 /* AVFoundation.framework in Frameworks */ = {isa = PBXBuildFile; fileRef = D478CAD61D4F225F00FE5112 /* AVFoundation.framework */; };
		D478CADA1D4F2ED900FE5112 /* ChatRecordModel.m in Sources */ = {isa = PBXBuildFile; fileRef = D478CAD91D4F2ED900FE5112 /* ChatRecordModel.m */; };
		D478CADD1D4F30D300FE5112 /* ChatRecordCell.m in Sources */ = {isa = PBXBuildFile; fileRef = D478CADC1D4F30D300FE5112 /* ChatRecordCell.m */; };
		D478CAE71D4F6C3300FE5112 /* AudioToolbox.framework in Frameworks */ = {isa = PBXBuildFile; fileRef = D478CAE61D4F6C3300FE5112 /* AudioToolbox.framework */; };
		D4BEBA7B1D507BC400CCC36D /* cat.jpg in Resources */ = {isa = PBXBuildFile; fileRef = D4BEBA6B1D507BC400CCC36D /* cat.jpg */; };
		D4BEBA7C1D507BC400CCC36D /* chat_bottom_keyboard_nor@2x.png in Resources */ = {isa = PBXBuildFile; fileRef = D4BEBA6C1D507BC400CCC36D /* chat_bottom_keyboard_nor@2x.png */; };
		D4BEBA7D1D507BC400CCC36D /* chat_bottom_textfield@2x.png in Resources */ = {isa = PBXBuildFile; fileRef = D4BEBA6D1D507BC400CCC36D /* chat_bottom_textfield@2x.png */; };
		D4BEBA7E1D507BC400CCC36D /* chat_bottom_up_nor@2x.png in Resources */ = {isa = PBXBuildFile; fileRef = D4BEBA6E1D507BC400CCC36D /* chat_bottom_up_nor@2x.png */; };
		D4BEBA7F1D507BC400CCC36D /* chat_bottom_voice_press@2x.png in Resources */ = {isa = PBXBuildFile; fileRef = D4BEBA6F1D507BC400CCC36D /* chat_bottom_voice_press@2x.png */; };
		D4BEBA811D507BC400CCC36D /* chat_input_pic@2x.png in Resources */ = {isa = PBXBuildFile; fileRef = D4BEBA711D507BC400CCC36D /* chat_input_pic@2x.png */; };
		D4BEBA881D507BC400CCC36D /* receive_bubble_normal@2x.png in Resources */ = {isa = PBXBuildFile; fileRef = D4BEBA781D507BC400CCC36D /* receive_bubble_normal@2x.png */; };
		D4BEBA891D507BC400CCC36D /* send_bubber_normal@2x.png in Resources */ = {isa = PBXBuildFile; fileRef = D4BEBA791D507BC400CCC36D /* send_bubber_normal@2x.png */; };
		D4BEBA8A1D507BC400CCC36D /* toolbar_bottom_bar@2x.png in Resources */ = {isa = PBXBuildFile; fileRef = D4BEBA7A1D507BC400CCC36D /* toolbar_bottom_bar@2x.png */; };
		D4BEBA911D507C4700CCC36D /* chat_receive_voice_1@2x.png in Resources */ = {isa = PBXBuildFile; fileRef = D4BEBA8B1D507C4700CCC36D /* chat_receive_voice_1@2x.png */; };
		D4BEBA921D507C4700CCC36D /* chat_receive_voice_2@2x.png in Resources */ = {isa = PBXBuildFile; fileRef = D4BEBA8C1D507C4700CCC36D /* chat_receive_voice_2@2x.png */; };
		D4BEBA931D507C4700CCC36D /* chat_receive_voice_3@2x.png in Resources */ = {isa = PBXBuildFile; fileRef = D4BEBA8D1D507C4700CCC36D /* chat_receive_voice_3@2x.png */; };
		D4BEBA941D507C4700CCC36D /* chat_send_voice_1@2x.png in Resources */ = {isa = PBXBuildFile; fileRef = D4BEBA8E1D507C4700CCC36D /* chat_send_voice_1@2x.png */; };
		D4BEBA951D507C4700CCC36D /* chat_send_voice_2@2x.png in Resources */ = {isa = PBXBuildFile; fileRef = D4BEBA8F1D507C4700CCC36D /* chat_send_voice_2@2x.png */; };
		D4BEBA961D507C4700CCC36D /* chat_send_voice_3@2x.png in Resources */ = {isa = PBXBuildFile; fileRef = D4BEBA901D507C4700CCC36D /* chat_send_voice_3@2x.png */; };
		D4BEBA981D50830900CCC36D /* chat_send_failed@2x.png in Resources */ = {isa = PBXBuildFile; fileRef = D4BEBA971D50830900CCC36D /* chat_send_failed@2x.png */; };
		D4BEBAA31D50AB3300CCC36D /* chat_decibel_0@2x.png in Resources */ = {isa = PBXBuildFile; fileRef = D4BEBA991D50AB3300CCC36D /* chat_decibel_0@2x.png */; };
		D4BEBAA41D50AB3300CCC36D /* chat_decibel_1@2x.png in Resources */ = {isa = PBXBuildFile; fileRef = D4BEBA9A1D50AB3300CCC36D /* chat_decibel_1@2x.png */; };
		D4BEBAA51D50AB3300CCC36D /* chat_decibel_2@2x.png in Resources */ = {isa = PBXBuildFile; fileRef = D4BEBA9B1D50AB3300CCC36D /* chat_decibel_2@2x.png */; };
		D4BEBAA61D50AB3300CCC36D /* chat_decibel_3@2x.png in Resources */ = {isa = PBXBuildFile; fileRef = D4BEBA9C1D50AB3300CCC36D /* chat_decibel_3@2x.png */; };
		D4BEBAA71D50AB3300CCC36D /* chat_decibel_4@2x.png in Resources */ = {isa = PBXBuildFile; fileRef = D4BEBA9D1D50AB3300CCC36D /* chat_decibel_4@2x.png */; };
		D4BEBAA81D50AB3300CCC36D /* chat_decibel_5@2x.png in Resources */ = {isa = PBXBuildFile; fileRef = D4BEBA9E1D50AB3300CCC36D /* chat_decibel_5@2x.png */; };
		D4BEBAA91D50AB3300CCC36D /* chat_decibel_6@2x.png in Resources */ = {isa = PBXBuildFile; fileRef = D4BEBA9F1D50AB3300CCC36D /* chat_decibel_6@2x.png */; };
		D4BEBAAA1D50AB3300CCC36D /* chat_decibel_7@2x.png in Resources */ = {isa = PBXBuildFile; fileRef = D4BEBAA01D50AB3300CCC36D /* chat_decibel_7@2x.png */; };
		D4BEBAAB1D50AB3300CCC36D /* chat_decibel_8@2x.png in Resources */ = {isa = PBXBuildFile; fileRef = D4BEBAA11D50AB3300CCC36D /* chat_decibel_8@2x.png */; };
		D4BEBAAC1D50AB3300CCC36D /* chat_decibel_9@2x.png in Resources */ = {isa = PBXBuildFile; fileRef = D4BEBAA21D50AB3300CCC36D /* chat_decibel_9@2x.png */; };
		D4FAE3331D51887E00A6A767 /* chat_placeHolderImg@2x.png in Resources */ = {isa = PBXBuildFile; fileRef = D4FAE3321D51887E00A6A767 /* chat_placeHolderImg@2x.png */; };
		E5C47A684A6373E43B19ED9A /* libPods-SChatUI.a in Frameworks */ = {isa = PBXBuildFile; fileRef = 52A4A2B6A7B0E3A2235C31A8 /* libPods-SChatUI.a */; };
/* End PBXBuildFile section */

/* Begin PBXFileReference section */
		17D9D0BB1D50C3F50082BA8A /* SChatRecordDecibelView.h */ = {isa = PBXFileReference; fileEncoding = 4; lastKnownFileType = sourcecode.c.h; path = SChatRecordDecibelView.h; sourceTree = "<group>"; };
		17D9D0BC1D50C3F50082BA8A /* SChatRecordDecibelView.m */ = {isa = PBXFileReference; fileEncoding = 4; lastKnownFileType = sourcecode.c.objc; path = SChatRecordDecibelView.m; sourceTree = "<group>"; };
		52A4A2B6A7B0E3A2235C31A8 /* libPods-SChatUI.a */ = {isa = PBXFileReference; explicitFileType = archive.ar; includeInIndex = 0; path = "libPods-SChatUI.a"; sourceTree = BUILT_PRODUCTS_DIR; };
		71414EC83CE8515FED3DEB40 /* Pods-SChatUI.debug.xcconfig */ = {isa = PBXFileReference; includeInIndex = 1; lastKnownFileType = text.xcconfig; name = "Pods-SChatUI.debug.xcconfig"; path = "Pods/Target Support Files/Pods-SChatUI/Pods-SChatUI.debug.xcconfig"; sourceTree = "<group>"; };
		89D9E0B201F233D3E15F1D2C /* Pods-SChatUI.release.xcconfig */ = {isa = PBXFileReference; includeInIndex = 1; lastKnownFileType = text.xcconfig; name = "Pods-SChatUI.release.xcconfig"; path = "Pods/Target Support Files/Pods-SChatUI/Pods-SChatUI.release.xcconfig"; sourceTree = "<group>"; };
		D41164471D49F95B000EEA8A /* SChatToolBar.h */ = {isa = PBXFileReference; fileEncoding = 4; lastKnownFileType = sourcecode.c.h; path = SChatToolBar.h; sourceTree = "<group>"; };
		D41164481D49F95B000EEA8A /* SChatToolBar.m */ = {isa = PBXFileReference; fileEncoding = 4; lastKnownFileType = sourcecode.c.objc; path = SChatToolBar.m; sourceTree = "<group>"; };
		D41164561D4A0C96000EEA8A /* STextField.h */ = {isa = PBXFileReference; fileEncoding = 4; lastKnownFileType = sourcecode.c.h; path = STextField.h; sourceTree = "<group>"; };
		D41164571D4A0C96000EEA8A /* STextField.m */ = {isa = PBXFileReference; fileEncoding = 4; lastKnownFileType = sourcecode.c.objc; path = STextField.m; sourceTree = "<group>"; };
		D41AA4471D4AFA510027B545 /* SChatToolBarInputView.h */ = {isa = PBXFileReference; fileEncoding = 4; lastKnownFileType = sourcecode.c.h; path = SChatToolBarInputView.h; sourceTree = "<group>"; };
		D41AA4481D4AFA510027B545 /* SChatToolBarInputView.m */ = {isa = PBXFileReference; fileEncoding = 4; lastKnownFileType = sourcecode.c.objc; path = SChatToolBarInputView.m; sourceTree = "<group>"; };
		D41AA44B1D4AFEDC0027B545 /* PrefixHeader.pch */ = {isa = PBXFileReference; fileEncoding = 4; lastKnownFileType = sourcecode.c.h; path = PrefixHeader.pch; sourceTree = "<group>"; };
		D41AA44D1D4AFFB90027B545 /* UIResponder+Router.h */ = {isa = PBXFileReference; fileEncoding = 4; lastKnownFileType = sourcecode.c.h; path = "UIResponder+Router.h"; sourceTree = "<group>"; };
		D41AA44E1D4AFFB90027B545 /* UIResponder+Router.m */ = {isa = PBXFileReference; fileEncoding = 4; lastKnownFileType = sourcecode.c.objc; path = "UIResponder+Router.m"; sourceTree = "<group>"; };
		D4697F621D48809400138CB9 /* SChatUI.app */ = {isa = PBXFileReference; explicitFileType = wrapper.application; includeInIndex = 0; path = SChatUI.app; sourceTree = BUILT_PRODUCTS_DIR; };
		D4697F661D48809400138CB9 /* main.m */ = {isa = PBXFileReference; lastKnownFileType = sourcecode.c.objc; path = main.m; sourceTree = "<group>"; };
		D4697F681D48809400138CB9 /* AppDelegate.h */ = {isa = PBXFileReference; lastKnownFileType = sourcecode.c.h; path = AppDelegate.h; sourceTree = "<group>"; };
		D4697F691D48809400138CB9 /* AppDelegate.m */ = {isa = PBXFileReference; lastKnownFileType = sourcecode.c.objc; path = AppDelegate.m; sourceTree = "<group>"; };
		D4697F6B1D48809400138CB9 /* ViewController.h */ = {isa = PBXFileReference; lastKnownFileType = sourcecode.c.h; path = ViewController.h; sourceTree = "<group>"; };
		D4697F6C1D48809400138CB9 /* ViewController.m */ = {isa = PBXFileReference; lastKnownFileType = sourcecode.c.objc; path = ViewController.m; sourceTree = "<group>"; };
		D4697F6F1D48809400138CB9 /* Base */ = {isa = PBXFileReference; lastKnownFileType = file.storyboard; name = Base; path = Base.lproj/Main.storyboard; sourceTree = "<group>"; };
		D4697F711D48809400138CB9 /* Assets.xcassets */ = {isa = PBXFileReference; lastKnownFileType = folder.assetcatalog; path = Assets.xcassets; sourceTree = "<group>"; };
		D4697F741D48809400138CB9 /* Base */ = {isa = PBXFileReference; lastKnownFileType = file.storyboard; name = Base; path = Base.lproj/LaunchScreen.storyboard; sourceTree = "<group>"; };
		D4697F761D48809400138CB9 /* Info.plist */ = {isa = PBXFileReference; lastKnownFileType = text.plist.xml; path = Info.plist; sourceTree = "<group>"; };
		D4697F7F1D4880FF00138CB9 /* SChatVC.h */ = {isa = PBXFileReference; fileEncoding = 4; lastKnownFileType = sourcecode.c.h; path = SChatVC.h; sourceTree = "<group>"; };
		D4697F801D4880FF00138CB9 /* SChatVC.m */ = {isa = PBXFileReference; fileEncoding = 4; lastKnownFileType = sourcecode.c.objc; path = SChatVC.m; sourceTree = "<group>"; };
		D4697F831D4884DC00138CB9 /* ChatBaseCell.h */ = {isa = PBXFileReference; fileEncoding = 4; lastKnownFileType = sourcecode.c.h; path = ChatBaseCell.h; sourceTree = "<group>"; };
		D4697F841D4884DC00138CB9 /* ChatBaseCell.m */ = {isa = PBXFileReference; fileEncoding = 4; lastKnownFileType = sourcecode.c.objc; path = ChatBaseCell.m; sourceTree = "<group>"; };
		D4697F891D488E4700138CB9 /* ChatBaseModel.h */ = {isa = PBXFileReference; fileEncoding = 4; lastKnownFileType = sourcecode.c.h; path = ChatBaseModel.h; sourceTree = "<group>"; };
		D4697F8A1D488E4700138CB9 /* ChatBaseModel.m */ = {isa = PBXFileReference; fileEncoding = 4; lastKnownFileType = sourcecode.c.objc; path = ChatBaseModel.m; sourceTree = "<group>"; };
		D4697F8C1D488F0B00138CB9 /* SChatHeader.h */ = {isa = PBXFileReference; fileEncoding = 4; lastKnownFileType = sourcecode.c.h; path = SChatHeader.h; sourceTree = "<group>"; };
		D4697F931D489BA000138CB9 /* ChatTextCell.h */ = {isa = PBXFileReference; fileEncoding = 4; lastKnownFileType = sourcecode.c.h; path = ChatTextCell.h; sourceTree = "<group>"; };
		D4697F941D489BA000138CB9 /* ChatTextCell.m */ = {isa = PBXFileReference; fileEncoding = 4; lastKnownFileType = sourcecode.c.objc; path = ChatTextCell.m; sourceTree = "<group>"; };
		D4697F961D489CBA00138CB9 /* ChatTextModel.h */ = {isa = PBXFileReference; fileEncoding = 4; lastKnownFileType = sourcecode.c.h; path = ChatTextModel.h; sourceTree = "<group>"; };
		D4697F971D489CBA00138CB9 /* ChatTextModel.m */ = {isa = PBXFileReference; fileEncoding = 4; lastKnownFileType = sourcecode.c.objc; path = ChatTextModel.m; sourceTree = "<group>"; };
		D4697F9B1D48AC4E00138CB9 /* ChatImageCell.h */ = {isa = PBXFileReference; fileEncoding = 4; lastKnownFileType = sourcecode.c.h; path = ChatImageCell.h; sourceTree = "<group>"; };
		D4697F9C1D48AC4E00138CB9 /* ChatImageCell.m */ = {isa = PBXFileReference; fileEncoding = 4; lastKnownFileType = sourcecode.c.objc; path = ChatImageCell.m; sourceTree = "<group>"; };
		D4697F9E1D48AC6200138CB9 /* ChatImageModel.h */ = {isa = PBXFileReference; fileEncoding = 4; lastKnownFileType = sourcecode.c.h; path = ChatImageModel.h; sourceTree = "<group>"; };
		D4697F9F1D48AC6200138CB9 /* ChatImageModel.m */ = {isa = PBXFileReference; fileEncoding = 4; lastKnownFileType = sourcecode.c.objc; path = ChatImageModel.m; sourceTree = "<group>"; };
		D478CAD31D4F1A1700FE5112 /* SChatRecordHandle.h */ = {isa = PBXFileReference; fileEncoding = 4; lastKnownFileType = sourcecode.c.h; path = SChatRecordHandle.h; sourceTree = "<group>"; };
		D478CAD41D4F1A1700FE5112 /* SChatRecordHandle.m */ = {isa = PBXFileReference; fileEncoding = 4; lastKnownFileType = sourcecode.c.objc; path = SChatRecordHandle.m; sourceTree = "<group>"; };
		D478CAD61D4F225F00FE5112 /* AVFoundation.framework */ = {isa = PBXFileReference; lastKnownFileType = wrapper.framework; name = AVFoundation.framework; path = System/Library/Frameworks/AVFoundation.framework; sourceTree = SDKROOT; };
		D478CAD81D4F2ED900FE5112 /* ChatRecordModel.h */ = {isa = PBXFileReference; fileEncoding = 4; lastKnownFileType = sourcecode.c.h; path = ChatRecordModel.h; sourceTree = "<group>"; };
		D478CAD91D4F2ED900FE5112 /* ChatRecordModel.m */ = {isa = PBXFileReference; fileEncoding = 4; lastKnownFileType = sourcecode.c.objc; path = ChatRecordModel.m; sourceTree = "<group>"; };
		D478CADB1D4F30D300FE5112 /* ChatRecordCell.h */ = {isa = PBXFileReference; fileEncoding = 4; lastKnownFileType = sourcecode.c.h; path = ChatRecordCell.h; sourceTree = "<group>"; };
		D478CADC1D4F30D300FE5112 /* ChatRecordCell.m */ = {isa = PBXFileReference; fileEncoding = 4; lastKnownFileType = sourcecode.c.objc; path = ChatRecordCell.m; sourceTree = "<group>"; };
		D478CAE61D4F6C3300FE5112 /* AudioToolbox.framework */ = {isa = PBXFileReference; lastKnownFileType = wrapper.framework; name = AudioToolbox.framework; path = System/Library/Frameworks/AudioToolbox.framework; sourceTree = SDKROOT; };
		D4BEBA6B1D507BC400CCC36D /* cat.jpg */ = {isa = PBXFileReference; lastKnownFileType = image.jpeg; path = cat.jpg; sourceTree = "<group>"; };
		D4BEBA6C1D507BC400CCC36D /* chat_bottom_keyboard_nor@2x.png */ = {isa = PBXFileReference; lastKnownFileType = image.png; path = "chat_bottom_keyboard_nor@2x.png"; sourceTree = "<group>"; };
		D4BEBA6D1D507BC400CCC36D /* chat_bottom_textfield@2x.png */ = {isa = PBXFileReference; lastKnownFileType = image.png; path = "chat_bottom_textfield@2x.png"; sourceTree = "<group>"; };
		D4BEBA6E1D507BC400CCC36D /* chat_bottom_up_nor@2x.png */ = {isa = PBXFileReference; lastKnownFileType = image.png; path = "chat_bottom_up_nor@2x.png"; sourceTree = "<group>"; };
		D4BEBA6F1D507BC400CCC36D /* chat_bottom_voice_press@2x.png */ = {isa = PBXFileReference; lastKnownFileType = image.png; path = "chat_bottom_voice_press@2x.png"; sourceTree = "<group>"; };
		D4BEBA711D507BC400CCC36D /* chat_input_pic@2x.png */ = {isa = PBXFileReference; lastKnownFileType = image.png; path = "chat_input_pic@2x.png"; sourceTree = "<group>"; };
		D4BEBA781D507BC400CCC36D /* receive_bubble_normal@2x.png */ = {isa = PBXFileReference; lastKnownFileType = image.png; path = "receive_bubble_normal@2x.png"; sourceTree = "<group>"; };
		D4BEBA791D507BC400CCC36D /* send_bubber_normal@2x.png */ = {isa = PBXFileReference; lastKnownFileType = image.png; path = "send_bubber_normal@2x.png"; sourceTree = "<group>"; };
		D4BEBA7A1D507BC400CCC36D /* toolbar_bottom_bar@2x.png */ = {isa = PBXFileReference; lastKnownFileType = image.png; path = "toolbar_bottom_bar@2x.png"; sourceTree = "<group>"; };
		D4BEBA8B1D507C4700CCC36D /* chat_receive_voice_1@2x.png */ = {isa = PBXFileReference; lastKnownFileType = image.png; path = "chat_receive_voice_1@2x.png"; sourceTree = "<group>"; };
		D4BEBA8C1D507C4700CCC36D /* chat_receive_voice_2@2x.png */ = {isa = PBXFileReference; lastKnownFileType = image.png; path = "chat_receive_voice_2@2x.png"; sourceTree = "<group>"; };
		D4BEBA8D1D507C4700CCC36D /* chat_receive_voice_3@2x.png */ = {isa = PBXFileReference; lastKnownFileType = image.png; path = "chat_receive_voice_3@2x.png"; sourceTree = "<group>"; };
		D4BEBA8E1D507C4700CCC36D /* chat_send_voice_1@2x.png */ = {isa = PBXFileReference; lastKnownFileType = image.png; path = "chat_send_voice_1@2x.png"; sourceTree = "<group>"; };
		D4BEBA8F1D507C4700CCC36D /* chat_send_voice_2@2x.png */ = {isa = PBXFileReference; lastKnownFileType = image.png; path = "chat_send_voice_2@2x.png"; sourceTree = "<group>"; };
		D4BEBA901D507C4700CCC36D /* chat_send_voice_3@2x.png */ = {isa = PBXFileReference; lastKnownFileType = image.png; path = "chat_send_voice_3@2x.png"; sourceTree = "<group>"; };
		D4BEBA971D50830900CCC36D /* chat_send_failed@2x.png */ = {isa = PBXFileReference; lastKnownFileType = image.png; path = "chat_send_failed@2x.png"; sourceTree = "<group>"; };
		D4BEBA991D50AB3300CCC36D /* chat_decibel_0@2x.png */ = {isa = PBXFileReference; lastKnownFileType = image.png; path = "chat_decibel_0@2x.png"; sourceTree = "<group>"; };
		D4BEBA9A1D50AB3300CCC36D /* chat_decibel_1@2x.png */ = {isa = PBXFileReference; lastKnownFileType = image.png; path = "chat_decibel_1@2x.png"; sourceTree = "<group>"; };
		D4BEBA9B1D50AB3300CCC36D /* chat_decibel_2@2x.png */ = {isa = PBXFileReference; lastKnownFileType = image.png; path = "chat_decibel_2@2x.png"; sourceTree = "<group>"; };
		D4BEBA9C1D50AB3300CCC36D /* chat_decibel_3@2x.png */ = {isa = PBXFileReference; lastKnownFileType = image.png; path = "chat_decibel_3@2x.png"; sourceTree = "<group>"; };
		D4BEBA9D1D50AB3300CCC36D /* chat_decibel_4@2x.png */ = {isa = PBXFileReference; lastKnownFileType = image.png; path = "chat_decibel_4@2x.png"; sourceTree = "<group>"; };
		D4BEBA9E1D50AB3300CCC36D /* chat_decibel_5@2x.png */ = {isa = PBXFileReference; lastKnownFileType = image.png; path = "chat_decibel_5@2x.png"; sourceTree = "<group>"; };
		D4BEBA9F1D50AB3300CCC36D /* chat_decibel_6@2x.png */ = {isa = PBXFileReference; lastKnownFileType = image.png; path = "chat_decibel_6@2x.png"; sourceTree = "<group>"; };
		D4BEBAA01D50AB3300CCC36D /* chat_decibel_7@2x.png */ = {isa = PBXFileReference; lastKnownFileType = image.png; path = "chat_decibel_7@2x.png"; sourceTree = "<group>"; };
		D4BEBAA11D50AB3300CCC36D /* chat_decibel_8@2x.png */ = {isa = PBXFileReference; lastKnownFileType = image.png; path = "chat_decibel_8@2x.png"; sourceTree = "<group>"; };
		D4BEBAA21D50AB3300CCC36D /* chat_decibel_9@2x.png */ = {isa = PBXFileReference; lastKnownFileType = image.png; path = "chat_decibel_9@2x.png"; sourceTree = "<group>"; };
		D4FAE3321D51887E00A6A767 /* chat_placeHolderImg@2x.png */ = {isa = PBXFileReference; lastKnownFileType = image.png; path = "chat_placeHolderImg@2x.png"; sourceTree = "<group>"; };
/* End PBXFileReference section */

/* Begin PBXFrameworksBuildPhase section */
		D4697F5F1D48809400138CB9 /* Frameworks */ = {
			isa = PBXFrameworksBuildPhase;
			buildActionMask = 2147483647;
			files = (
				D478CAE71D4F6C3300FE5112 /* AudioToolbox.framework in Frameworks */,
				D478CAD71D4F225F00FE5112 /* AVFoundation.framework in Frameworks */,
				E5C47A684A6373E43B19ED9A /* libPods-SChatUI.a in Frameworks */,
			);
			runOnlyForDeploymentPostprocessing = 0;
		};
/* End PBXFrameworksBuildPhase section */

/* Begin PBXGroup section */
		79B9A7270B02083C224CB387 /* Frameworks */ = {
			isa = PBXGroup;
			children = (
				D478CAE61D4F6C3300FE5112 /* AudioToolbox.framework */,
				D478CAD61D4F225F00FE5112 /* AVFoundation.framework */,
				52A4A2B6A7B0E3A2235C31A8 /* libPods-SChatUI.a */,
			);
			name = Frameworks;
			sourceTree = "<group>";
		};
		933E4FA3674F1C00323BEFD3 /* Pods */ = {
			isa = PBXGroup;
			children = (
				71414EC83CE8515FED3DEB40 /* Pods-SChatUI.debug.xcconfig */,
				89D9E0B201F233D3E15F1D2C /* Pods-SChatUI.release.xcconfig */,
			);
			name = Pods;
			sourceTree = "<group>";
		};
		D41164461D49F933000EEA8A /* ToolBar */ = {
			isa = PBXGroup;
			children = (
				D41164471D49F95B000EEA8A /* SChatToolBar.h */,
				D41164481D49F95B000EEA8A /* SChatToolBar.m */,
				D41AA4471D4AFA510027B545 /* SChatToolBarInputView.h */,
				D41AA4481D4AFA510027B545 /* SChatToolBarInputView.m */,
				D41164561D4A0C96000EEA8A /* STextField.h */,
				D41164571D4A0C96000EEA8A /* STextField.m */,
				D478CAD31D4F1A1700FE5112 /* SChatRecordHandle.h */,
				D478CAD41D4F1A1700FE5112 /* SChatRecordHandle.m */,
				17D9D0BB1D50C3F50082BA8A /* SChatRecordDecibelView.h */,
				17D9D0BC1D50C3F50082BA8A /* SChatRecordDecibelView.m */,
			);
			path = ToolBar;
			sourceTree = "<group>";
		};
		D41AA44A1D4AFE700027B545 /* Category */ = {
			isa = PBXGroup;
			children = (
				D41AA44C1D4AFFB90027B545 /* UIResponder */,
			);
			path = Category;
			sourceTree = "<group>";
		};
		D41AA44C1D4AFFB90027B545 /* UIResponder */ = {
			isa = PBXGroup;
			children = (
				D41AA44D1D4AFFB90027B545 /* UIResponder+Router.h */,
				D41AA44E1D4AFFB90027B545 /* UIResponder+Router.m */,
			);
			path = UIResponder;
			sourceTree = "<group>";
		};
		D4697F591D48809400138CB9 = {
			isa = PBXGroup;
			children = (
				D4697F641D48809400138CB9 /* SChatUI */,
				D4697F631D48809400138CB9 /* Products */,
				933E4FA3674F1C00323BEFD3 /* Pods */,
				79B9A7270B02083C224CB387 /* Frameworks */,
			);
			sourceTree = "<group>";
		};
		D4697F631D48809400138CB9 /* Products */ = {
			isa = PBXGroup;
			children = (
				D4697F621D48809400138CB9 /* SChatUI.app */,
			);
			name = Products;
			sourceTree = "<group>";
		};
		D4697F641D48809400138CB9 /* SChatUI */ = {
			isa = PBXGroup;
			children = (
				D4697F7C1D4880D900138CB9 /* Chat */,
				D4697F681D48809400138CB9 /* AppDelegate.h */,
				D4697F691D48809400138CB9 /* AppDelegate.m */,
				D4697F6B1D48809400138CB9 /* ViewController.h */,
				D4697F6C1D48809400138CB9 /* ViewController.m */,
				D4697F6E1D48809400138CB9 /* Main.storyboard */,
				D4697F711D48809400138CB9 /* Assets.xcassets */,
				D4697F731D48809400138CB9 /* LaunchScreen.storyboard */,
				D4697F761D48809400138CB9 /* Info.plist */,
				D4697F651D48809400138CB9 /* Supporting Files */,
			);
			path = SChatUI;
			sourceTree = "<group>";
		};
		D4697F651D48809400138CB9 /* Supporting Files */ = {
			isa = PBXGroup;
			children = (
				D4697F661D48809400138CB9 /* main.m */,
				D41AA44B1D4AFEDC0027B545 /* PrefixHeader.pch */,
			);
			name = "Supporting Files";
			sourceTree = "<group>";
		};
		D4697F7C1D4880D900138CB9 /* Chat */ = {
			isa = PBXGroup;
			children = (
				D4697F8C1D488F0B00138CB9 /* SChatHeader.h */,
				D4BEBA6A1D507BC400CCC36D /* Resource */,
				D41AA44A1D4AFE700027B545 /* Category */,
				D41164461D49F933000EEA8A /* ToolBar */,
				D4697F881D488E1000138CB9 /* Model */,
				D4697F7D1D4880D900138CB9 /* Cell */,
				D4697F7E1D4880D900138CB9 /* ViewController */,
			);
			path = Chat;
			sourceTree = "<group>";
		};
		D4697F7D1D4880D900138CB9 /* Cell */ = {
			isa = PBXGroup;
			children = (
				D4697F831D4884DC00138CB9 /* ChatBaseCell.h */,
				D4697F841D4884DC00138CB9 /* ChatBaseCell.m */,
				D4697F931D489BA000138CB9 /* ChatTextCell.h */,
				D4697F941D489BA000138CB9 /* ChatTextCell.m */,
				D4697F9B1D48AC4E00138CB9 /* ChatImageCell.h */,
				D4697F9C1D48AC4E00138CB9 /* ChatImageCell.m */,
				D478CADB1D4F30D300FE5112 /* ChatRecordCell.h */,
				D478CADC1D4F30D300FE5112 /* ChatRecordCell.m */,
			);
			path = Cell;
			sourceTree = "<group>";
		};
		D4697F7E1D4880D900138CB9 /* ViewController */ = {
			isa = PBXGroup;
			children = (
				D4697F7F1D4880FF00138CB9 /* SChatVC.h */,
				D4697F801D4880FF00138CB9 /* SChatVC.m */,
			);
			path = ViewController;
			sourceTree = "<group>";
		};
		D4697F881D488E1000138CB9 /* Model */ = {
			isa = PBXGroup;
			children = (
				D4697F891D488E4700138CB9 /* ChatBaseModel.h */,
				D4697F8A1D488E4700138CB9 /* ChatBaseModel.m */,
				D4697F961D489CBA00138CB9 /* ChatTextModel.h */,
				D4697F971D489CBA00138CB9 /* ChatTextModel.m */,
				D4697F9E1D48AC6200138CB9 /* ChatImageModel.h */,
				D4697F9F1D48AC6200138CB9 /* ChatImageModel.m */,
				D478CAD81D4F2ED900FE5112 /* ChatRecordModel.h */,
				D478CAD91D4F2ED900FE5112 /* ChatRecordModel.m */,
			);
			path = Model;
			sourceTree = "<group>";
		};
		D4BEBA6A1D507BC400CCC36D /* Resource */ = {
			isa = PBXGroup;
			children = (
				D4FAE3321D51887E00A6A767 /* chat_placeHolderImg@2x.png */,
				D4BEBA991D50AB3300CCC36D /* chat_decibel_0@2x.png */,
				D4BEBA9A1D50AB3300CCC36D /* chat_decibel_1@2x.png */,
				D4BEBA9B1D50AB3300CCC36D /* chat_decibel_2@2x.png */,
				D4BEBA9C1D50AB3300CCC36D /* chat_decibel_3@2x.png */,
				D4BEBA9D1D50AB3300CCC36D /* chat_decibel_4@2x.png */,
				D4BEBA9E1D50AB3300CCC36D /* chat_decibel_5@2x.png */,
				D4BEBA9F1D50AB3300CCC36D /* chat_decibel_6@2x.png */,
				D4BEBAA01D50AB3300CCC36D /* chat_decibel_7@2x.png */,
				D4BEBAA11D50AB3300CCC36D /* chat_decibel_8@2x.png */,
				D4BEBAA21D50AB3300CCC36D /* chat_decibel_9@2x.png */,
				D4BEBA971D50830900CCC36D /* chat_send_failed@2x.png */,
				D4BEBA8B1D507C4700CCC36D /* chat_receive_voice_1@2x.png */,
				D4BEBA8C1D507C4700CCC36D /* chat_receive_voice_2@2x.png */,
				D4BEBA8D1D507C4700CCC36D /* chat_receive_voice_3@2x.png */,
				D4BEBA8E1D507C4700CCC36D /* chat_send_voice_1@2x.png */,
				D4BEBA8F1D507C4700CCC36D /* chat_send_voice_2@2x.png */,
				D4BEBA901D507C4700CCC36D /* chat_send_voice_3@2x.png */,
				D4BEBA6B1D507BC400CCC36D /* cat.jpg */,
				D4BEBA6C1D507BC400CCC36D /* chat_bottom_keyboard_nor@2x.png */,
				D4BEBA6D1D507BC400CCC36D /* chat_bottom_textfield@2x.png */,
				D4BEBA6E1D507BC400CCC36D /* chat_bottom_up_nor@2x.png */,
				D4BEBA6F1D507BC400CCC36D /* chat_bottom_voice_press@2x.png */,
				D4BEBA711D507BC400CCC36D /* chat_input_pic@2x.png */,
				D4BEBA781D507BC400CCC36D /* receive_bubble_normal@2x.png */,
				D4BEBA791D507BC400CCC36D /* send_bubber_normal@2x.png */,
				D4BEBA7A1D507BC400CCC36D /* toolbar_bottom_bar@2x.png */,
			);
			path = Resource;
			sourceTree = "<group>";
		};
/* End PBXGroup section */

/* Begin PBXNativeTarget section */
		D4697F611D48809400138CB9 /* SChatUI */ = {
			isa = PBXNativeTarget;
			buildConfigurationList = D4697F791D48809400138CB9 /* Build configuration list for PBXNativeTarget "SChatUI" */;
			buildPhases = (
				1C7342828B328454F524BD00 /* Check Pods Manifest.lock */,
				D4697F5E1D48809400138CB9 /* Sources */,
				D4697F5F1D48809400138CB9 /* Frameworks */,
				D4697F601D48809400138CB9 /* Resources */,
				3D2F822EF2BB310BC316A8EC /* Embed Pods Frameworks */,
				BA3910E3E341FD1A3CED56DD /* Copy Pods Resources */,
			);
			buildRules = (
			);
			dependencies = (
			);
			name = SChatUI;
			productName = SChatUI;
			productReference = D4697F621D48809400138CB9 /* SChatUI.app */;
			productType = "com.apple.product-type.application";
		};
/* End PBXNativeTarget section */

/* Begin PBXProject section */
		D4697F5A1D48809400138CB9 /* Project object */ = {
			isa = PBXProject;
			attributes = {
				LastUpgradeCheck = 0730;
				ORGANIZATIONNAME = tongxuan;
				TargetAttributes = {
					D4697F611D48809400138CB9 = {
						CreatedOnToolsVersion = 7.3.1;
					};
				};
			};
			buildConfigurationList = D4697F5D1D48809400138CB9 /* Build configuration list for PBXProject "SChatUI" */;
			compatibilityVersion = "Xcode 3.2";
			developmentRegion = English;
			hasScannedForEncodings = 0;
			knownRegions = (
				en,
				Base,
			);
			mainGroup = D4697F591D48809400138CB9;
			productRefGroup = D4697F631D48809400138CB9 /* Products */;
			projectDirPath = "";
			projectRoot = "";
			targets = (
				D4697F611D48809400138CB9 /* SChatUI */,
			);
		};
/* End PBXProject section */

/* Begin PBXResourcesBuildPhase section */
		D4697F601D48809400138CB9 /* Resources */ = {
			isa = PBXResourcesBuildPhase;
			buildActionMask = 2147483647;
			files = (
				D4BEBA7F1D507BC400CCC36D /* chat_bottom_voice_press@2x.png in Resources */,
				D4BEBA941D507C4700CCC36D /* chat_send_voice_1@2x.png in Resources */,
				D4BEBAAA1D50AB3300CCC36D /* chat_decibel_7@2x.png in Resources */,
				D4BEBA931D507C4700CCC36D /* chat_receive_voice_3@2x.png in Resources */,
				D4697F751D48809400138CB9 /* LaunchScreen.storyboard in Resources */,
				D4BEBA961D507C4700CCC36D /* chat_send_voice_3@2x.png in Resources */,
				D4FAE3331D51887E00A6A767 /* chat_placeHolderImg@2x.png in Resources */,
				D4BEBA951D507C4700CCC36D /* chat_send_voice_2@2x.png in Resources */,
				D4BEBA7C1D507BC400CCC36D /* chat_bottom_keyboard_nor@2x.png in Resources */,
				D4BEBA881D507BC400CCC36D /* receive_bubble_normal@2x.png in Resources */,
				D4697F721D48809400138CB9 /* Assets.xcassets in Resources */,
				D4BEBA891D507BC400CCC36D /* send_bubber_normal@2x.png in Resources */,
				D4BEBAA81D50AB3300CCC36D /* chat_decibel_5@2x.png in Resources */,
				D4BEBA811D507BC400CCC36D /* chat_input_pic@2x.png in Resources */,
				D4BEBA7B1D507BC400CCC36D /* cat.jpg in Resources */,
				D4BEBAA71D50AB3300CCC36D /* chat_decibel_4@2x.png in Resources */,
				D4BEBA8A1D507BC400CCC36D /* toolbar_bottom_bar@2x.png in Resources */,
				D4BEBAAB1D50AB3300CCC36D /* chat_decibel_8@2x.png in Resources */,
				D4BEBAA41D50AB3300CCC36D /* chat_decibel_1@2x.png in Resources */,
				D4697F701D48809400138CB9 /* Main.storyboard in Resources */,
				D4BEBAAC1D50AB3300CCC36D /* chat_decibel_9@2x.png in Resources */,
				D4BEBA921D507C4700CCC36D /* chat_receive_voice_2@2x.png in Resources */,
				D4BEBAA91D50AB3300CCC36D /* chat_decibel_6@2x.png in Resources */,
				D4BEBA911D507C4700CCC36D /* chat_receive_voice_1@2x.png in Resources */,
				D4BEBAA31D50AB3300CCC36D /* chat_decibel_0@2x.png in Resources */,
				D4BEBAA61D50AB3300CCC36D /* chat_decibel_3@2x.png in Resources */,
				D4BEBAA51D50AB3300CCC36D /* chat_decibel_2@2x.png in Resources */,
				D4BEBA7D1D507BC400CCC36D /* chat_bottom_textfield@2x.png in Resources */,
				D4BEBA981D50830900CCC36D /* chat_send_failed@2x.png in Resources */,
				D4BEBA7E1D507BC400CCC36D /* chat_bottom_up_nor@2x.png in Resources */,
			);
			runOnlyForDeploymentPostprocessing = 0;
		};
/* End PBXResourcesBuildPhase section */

/* Begin PBXShellScriptBuildPhase section */
		1C7342828B328454F524BD00 /* Check Pods Manifest.lock */ = {
			isa = PBXShellScriptBuildPhase;
			buildActionMask = 2147483647;
			files = (
			);
			inputPaths = (
			);
			name = "Check Pods Manifest.lock";
			outputPaths = (
			);
			runOnlyForDeploymentPostprocessing = 0;
			shellPath = /bin/sh;
			shellScript = "diff \"${PODS_ROOT}/../Podfile.lock\" \"${PODS_ROOT}/Manifest.lock\" > /dev/null\nif [[ $? != 0 ]] ; then\n    cat << EOM\nerror: The sandbox is not in sync with the Podfile.lock. Run 'pod install' or update your CocoaPods installation.\nEOM\n    exit 1\nfi\n";
			showEnvVarsInLog = 0;
		};
		3D2F822EF2BB310BC316A8EC /* Embed Pods Frameworks */ = {
			isa = PBXShellScriptBuildPhase;
			buildActionMask = 2147483647;
			files = (
			);
			inputPaths = (
			);
			name = "Embed Pods Frameworks";
			outputPaths = (
			);
			runOnlyForDeploymentPostprocessing = 0;
			shellPath = /bin/sh;
			shellScript = "\"${SRCROOT}/Pods/Target Support Files/Pods-SChatUI/Pods-SChatUI-frameworks.sh\"\n";
			showEnvVarsInLog = 0;
		};
		BA3910E3E341FD1A3CED56DD /* Copy Pods Resources */ = {
			isa = PBXShellScriptBuildPhase;
			buildActionMask = 2147483647;
			files = (
			);
			inputPaths = (
			);
			name = "Copy Pods Resources";
			outputPaths = (
			);
			runOnlyForDeploymentPostprocessing = 0;
			shellPath = /bin/sh;
			shellScript = "\"${SRCROOT}/Pods/Target Support Files/Pods-SChatUI/Pods-SChatUI-resources.sh\"\n";
			showEnvVarsInLog = 0;
		};
/* End PBXShellScriptBuildPhase section */

/* Begin PBXSourcesBuildPhase section */
		D4697F5E1D48809400138CB9 /* Sources */ = {
			isa = PBXSourcesBuildPhase;
			buildActionMask = 2147483647;
			files = (
				D4697F981D489CBA00138CB9 /* ChatTextModel.m in Sources */,
				D4697FA01D48AC6200138CB9 /* ChatImageModel.m in Sources */,
				D4697F851D4884DC00138CB9 /* ChatBaseCell.m in Sources */,
				D4697F811D4880FF00138CB9 /* SChatVC.m in Sources */,
				D4697F9D1D48AC4E00138CB9 /* ChatImageCell.m in Sources */,
				D4697F6D1D48809400138CB9 /* ViewController.m in Sources */,
				17D9D0BD1D50C3F50082BA8A /* SChatRecordDecibelView.m in Sources */,
				D4697F6A1D48809400138CB9 /* AppDelegate.m in Sources */,
				D478CADD1D4F30D300FE5112 /* ChatRecordCell.m in Sources */,
				D4697F951D489BA000138CB9 /* ChatTextCell.m in Sources */,
				D4697F8B1D488E4700138CB9 /* ChatBaseModel.m in Sources */,
				D478CAD51D4F1A1700FE5112 /* SChatRecordHandle.m in Sources */,
				D41164491D49F95B000EEA8A /* SChatToolBar.m in Sources */,
				D4697F671D48809400138CB9 /* main.m in Sources */,
				D478CADA1D4F2ED900FE5112 /* ChatRecordModel.m in Sources */,
				D41AA44F1D4AFFB90027B545 /* UIResponder+Router.m in Sources */,
				D41164581D4A0C96000EEA8A /* STextField.m in Sources */,
				D41AA4491D4AFA510027B545 /* SChatToolBarInputView.m in Sources */,
			);
			runOnlyForDeploymentPostprocessing = 0;
		};
/* End PBXSourcesBuildPhase section */

/* Begin PBXVariantGroup section */
		D4697F6E1D48809400138CB9 /* Main.storyboard */ = {
			isa = PBXVariantGroup;
			children = (
				D4697F6F1D48809400138CB9 /* Base */,
			);
			name = Main.storyboard;
			sourceTree = "<group>";
		};
		D4697F731D48809400138CB9 /* LaunchScreen.storyboard */ = {
			isa = PBXVariantGroup;
			children = (
				D4697F741D48809400138CB9 /* Base */,
			);
			name = LaunchScreen.storyboard;
			sourceTree = "<group>";
		};
/* End PBXVariantGroup section */

/* Begin XCBuildConfiguration section */
		D4697F771D48809400138CB9 /* Debug */ = {
			isa = XCBuildConfiguration;
			buildSettings = {
				ALWAYS_SEARCH_USER_PATHS = NO;
				CLANG_ANALYZER_NONNULL = YES;
				CLANG_CXX_LANGUAGE_STANDARD = "gnu++0x";
				CLANG_CXX_LIBRARY = "libc++";
				CLANG_ENABLE_MODULES = YES;
				CLANG_ENABLE_OBJC_ARC = YES;
				CLANG_WARN_BOOL_CONVERSION = YES;
				CLANG_WARN_CONSTANT_CONVERSION = YES;
				CLANG_WARN_DIRECT_OBJC_ISA_USAGE = YES_ERROR;
				CLANG_WARN_EMPTY_BODY = YES;
				CLANG_WARN_ENUM_CONVERSION = YES;
				CLANG_WARN_INT_CONVERSION = YES;
				CLANG_WARN_OBJC_ROOT_CLASS = YES_ERROR;
				CLANG_WARN_UNREACHABLE_CODE = YES;
				CLANG_WARN__DUPLICATE_METHOD_MATCH = YES;
				"CODE_SIGN_IDENTITY[sdk=iphoneos*]" = "iPhone Developer";
				COPY_PHASE_STRIP = NO;
				DEBUG_INFORMATION_FORMAT = dwarf;
				ENABLE_STRICT_OBJC_MSGSEND = YES;
				ENABLE_TESTABILITY = YES;
				GCC_C_LANGUAGE_STANDARD = gnu99;
				GCC_DYNAMIC_NO_PIC = NO;
				GCC_NO_COMMON_BLOCKS = YES;
				GCC_OPTIMIZATION_LEVEL = 0;
				GCC_PREPROCESSOR_DEFINITIONS = (
					"DEBUG=1",
					"$(inherited)",
				);
				GCC_WARN_64_TO_32_BIT_CONVERSION = YES;
				GCC_WARN_ABOUT_RETURN_TYPE = YES_ERROR;
				GCC_WARN_UNDECLARED_SELECTOR = YES;
				GCC_WARN_UNINITIALIZED_AUTOS = YES_AGGRESSIVE;
				GCC_WARN_UNUSED_FUNCTION = YES;
				GCC_WARN_UNUSED_VARIABLE = YES;
				IPHONEOS_DEPLOYMENT_TARGET = 9.3;
				MTL_ENABLE_DEBUG_INFO = YES;
				ONLY_ACTIVE_ARCH = YES;
				SDKROOT = iphoneos;
			};
			name = Debug;
		};
		D4697F781D48809400138CB9 /* Release */ = {
			isa = XCBuildConfiguration;
			buildSettings = {
				ALWAYS_SEARCH_USER_PATHS = NO;
				CLANG_ANALYZER_NONNULL = YES;
				CLANG_CXX_LANGUAGE_STANDARD = "gnu++0x";
				CLANG_CXX_LIBRARY = "libc++";
				CLANG_ENABLE_MODULES = YES;
				CLANG_ENABLE_OBJC_ARC = YES;
				CLANG_WARN_BOOL_CONVERSION = YES;
				CLANG_WARN_CONSTANT_CONVERSION = YES;
				CLANG_WARN_DIRECT_OBJC_ISA_USAGE = YES_ERROR;
				CLANG_WARN_EMPTY_BODY = YES;
				CLANG_WARN_ENUM_CONVERSION = YES;
				CLANG_WARN_INT_CONVERSION = YES;
				CLANG_WARN_OBJC_ROOT_CLASS = YES_ERROR;
				CLANG_WARN_UNREACHABLE_CODE = YES;
				CLANG_WARN__DUPLICATE_METHOD_MATCH = YES;
				"CODE_SIGN_IDENTITY[sdk=iphoneos*]" = "iPhone Developer";
				COPY_PHASE_STRIP = NO;
				DEBUG_INFORMATION_FORMAT = "dwarf-with-dsym";
				ENABLE_NS_ASSERTIONS = NO;
				ENABLE_STRICT_OBJC_MSGSEND = YES;
				GCC_C_LANGUAGE_STANDARD = gnu99;
				GCC_NO_COMMON_BLOCKS = YES;
				GCC_WARN_64_TO_32_BIT_CONVERSION = YES;
				GCC_WARN_ABOUT_RETURN_TYPE = YES_ERROR;
				GCC_WARN_UNDECLARED_SELECTOR = YES;
				GCC_WARN_UNINITIALIZED_AUTOS = YES_AGGRESSIVE;
				GCC_WARN_UNUSED_FUNCTION = YES;
				GCC_WARN_UNUSED_VARIABLE = YES;
				IPHONEOS_DEPLOYMENT_TARGET = 9.3;
				MTL_ENABLE_DEBUG_INFO = NO;
				SDKROOT = iphoneos;
				VALIDATE_PRODUCT = YES;
			};
			name = Release;
		};
		D4697F7A1D48809400138CB9 /* Debug */ = {
			isa = XCBuildConfiguration;
			baseConfigurationReference = 71414EC83CE8515FED3DEB40 /* Pods-SChatUI.debug.xcconfig */;
			buildSettings = {
				ASSETCATALOG_COMPILER_APPICON_NAME = AppIcon;
				CODE_SIGN_IDENTITY = "iPhone Developer: 元智 项 (WTU8BKH68A)";
				INFOPLIST_FILE = SChatUI/Info.plist;
				IPHONEOS_DEPLOYMENT_TARGET = 7.0;
				LD_RUNPATH_SEARCH_PATHS = "$(inherited) @executable_path/Frameworks";
				PRODUCT_BUNDLE_IDENTIFIER = tongxuan.SChatUI;
				PRODUCT_NAME = "$(TARGET_NAME)";
				PROVISIONING_PROFILE = "032e2d3a-ee02-40ce-bb70-1af59d58da0e";
			};
			name = Debug;
		};
		D4697F7B1D48809400138CB9 /* Release */ = {
			isa = XCBuildConfiguration;
			baseConfigurationReference = 89D9E0B201F233D3E15F1D2C /* Pods-SChatUI.release.xcconfig */;
			buildSettings = {
				ASSETCATALOG_COMPILER_APPICON_NAME = AppIcon;
				CODE_SIGN_IDENTITY = "iPhone Developer: 元智 项 (WTU8BKH68A)";
				INFOPLIST_FILE = SChatUI/Info.plist;
				IPHONEOS_DEPLOYMENT_TARGET = 7.0;
				LD_RUNPATH_SEARCH_PATHS = "$(inherited) @executable_path/Frameworks";
				PRODUCT_BUNDLE_IDENTIFIER = tongxuan.SChatUI;
				PRODUCT_NAME = "$(TARGET_NAME)";
				PROVISIONING_PROFILE = "032e2d3a-ee02-40ce-bb70-1af59d58da0e";
			};
			name = Release;
		};
/* End XCBuildConfiguration section */

/* Begin XCConfigurationList section */
		D4697F5D1D48809400138CB9 /* Build configuration list for PBXProject "SChatUI" */ = {
			isa = XCConfigurationList;
			buildConfigurations = (
				D4697F771D48809400138CB9 /* Debug */,
				D4697F781D48809400138CB9 /* Release */,
			);
			defaultConfigurationIsVisible = 0;
			defaultConfigurationName = Release;
		};
		D4697F791D48809400138CB9 /* Build configuration list for PBXNativeTarget "SChatUI" */ = {
			isa = XCConfigurationList;
			buildConfigurations = (
				D4697F7A1D48809400138CB9 /* Debug */,
				D4697F7B1D48809400138CB9 /* Release */,
			);
			defaultConfigurationIsVisible = 0;
			defaultConfigurationName = Release;
		};
/* End XCConfigurationList section */
	};
	rootObject = D4697F5A1D48809400138CB9 /* Project object */;
}
